{
  "name": "zku",
  "lockfileVersion": 2,
  "requires": true,
  "packages": {
    "": {
      "workspaces": [
        "assignment01/question01"
      ]
    },
    "assignment01/question01": {
      "dependencies": {
        "circomlib": "^2.0.3"
      }
    },
    "node_modules/circomlib": {
      "version": "2.0.3",
      "resolved": "https://registry.npmjs.org/circomlib/-/circomlib-2.0.3.tgz",
      "integrity": "sha512-OeG1YBcqS8mnsOI1WAZePbyAVBMf398sSQfXetpPAb2HC0+1r9Q6kN/qQaHkJZ77BZmXn5dUqQTa5g6d5BDS3Q=="
    },
    "node_modules/question01": {
      "resolved": "assignment01/question01",
      "link": true
    }
  },
  "dependencies": {
    "circomlib": {
      "version": "2.0.3",
      "resolved": "https://registry.npmjs.org/circomlib/-/circomlib-2.0.3.tgz",
      "integrity": "sha512-OeG1YBcqS8mnsOI1WAZePbyAVBMf398sSQfXetpPAb2HC0+1r9Q6kN/qQaHkJZ77BZmXn5dUqQTa5g6d5BDS3Q=="
    },
    "question01": {
      "version": "file:assignment01/question01",
      "requires": {
        "circomlib": "*"
      }
    }
  }
}
